<?xml version="1.0" encoding="utf-8"?>
<Project ToolsVersion="4.0" xmlns="http://schemas.microsoft.com/developer/msbuild/2003">
  <ItemGroup>
    <Filter Include="Source Files">
      <UniqueIdentifier>{21bda200-3c11-497c-abd3-546a2a9db5a5}</UniqueIdentifier>
      <Extensions>cpp;c;cxx;def;odl;idl;hpj;bat;asm</Extensions>
    </Filter>
    <Filter Include="Source Files\GUI">
      <UniqueIdentifier>{a4cff962-d79d-4489-baf7-91f723973c4e}</UniqueIdentifier>
    </Filter>
    <Filter Include="Source Files\Panels">
      <UniqueIdentifier>{c68349fa-6629-4c86-8336-d73d0be9d0ba}</UniqueIdentifier>
    </Filter>
    <Filter Include="Source Files\Dialogs">
      <UniqueIdentifier>{89173c86-bb05-48b8-abe8-6eb7cd6d4cd6}</UniqueIdentifier>
    </Filter>
    <Filter Include="Header Files">
      <UniqueIdentifier>{d64ccd50-f24a-41a1-87d8-7581bfd56a70}</UniqueIdentifier>
      <Extensions>h;hpp;hxx;hm;inl;inc</Extensions>
    </Filter>
    <Filter Include="Header Files\GUI">
      <UniqueIdentifier>{24ebce1e-5930-4749-977d-e3bf3920d0da}</UniqueIdentifier>
    </Filter>
    <Filter Include="Header Files\Panels">
      <UniqueIdentifier>{f2c01722-4f69-4736-80af-46a0391a2c81}</UniqueIdentifier>
    </Filter>
    <Filter Include="Header Files\Dialogs">
      <UniqueIdentifier>{2fda51dd-02ef-4765-a92e-2923c9abd346}</UniqueIdentifier>
    </Filter>
    <Filter Include="Resource Files">
      <UniqueIdentifier>{037622e3-2687-46d2-8674-09ac49e504c1}</UniqueIdentifier>
      <Extensions>rc;ico;cur;bmp;dlg;rc2;rct;bin;rgs;jpg;jpeg;jpe;manifest</Extensions>
    </Filter>
  </ItemGroup>
  <ItemGroup>
    <ClCompile Include="BasicProcessing.cpp">
      <Filter>Source Files</Filter>
    </ClCompile>
    <ClCompile Include="Clipboard.cpp">
      <Filter>Source Files</Filter>
    </ClCompile>
    <ClCompile Include="EXIFHelpers.cpp">
      <Filter>Source Files</Filter>
    </ClCompile>
    <ClCompile Include="EXIFReader.cpp">
      <Filter>Source Files</Filter>
    </ClCompile>
    <ClCompile Include="FileList.cpp">
      <Filter>Source Files</Filter>
    </ClCompile>
    <ClCompile Include="Helpers.cpp">
      <Filter>Source Files</Filter>
    </ClCompile>
    <ClCompile Include="HelpersGUI.cpp">
      <Filter>Source Files</Filter>
    </ClCompile>
    <ClCompile Include="HistogramCorr.cpp">
      <Filter>Source Files</Filter>
    </ClCompile>
    <ClCompile Include="ImageLoadThread.cpp">
      <Filter>Source Files</Filter>
    </ClCompile>
    <ClCompile Include="JPEGImage.cpp">
      <Filter>Source Files</Filter>
    </ClCompile>
    <ClCompile Include="JPEGProvider.cpp">
      <Filter>Source Files</Filter>
    </ClCompile>
    <ClCompile Include="JPEGView.cpp">
      <Filter>Source Files</Filter>
    </ClCompile>
    <ClCompile Include="KeyMap.cpp">
      <Filter>Source Files</Filter>
    </ClCompile>
    <ClCompile Include="LocalDensityCorr.cpp">
      <Filter>Source Files</Filter>
    </ClCompile>
    <ClCompile Include="MultiMonitorSupport.cpp">
      <Filter>Source Files</Filter>
    </ClCompile>
    <ClCompile Include="NLS.cpp">
      <Filter>Source Files</Filter>
    </ClCompile>
    <ClCompile Include="ParameterDB.cpp">
      <Filter>Source Files</Filter>
    </ClCompile>
    <ClCompile Include="ProcessingThreadPool.cpp">
      <Filter>Source Files</Filter>
    </ClCompile>
    <ClCompile Include="ReaderBMP.cpp">
      <Filter>Source Files</Filter>
    </ClCompile>
    <ClCompile Include="ResizeFilter.cpp">
      <Filter>Source Files</Filter>
    </ClCompile>
    <ClCompile Include="SaveImage.cpp">
      <Filter>Source Files</Filter>
    </ClCompile>
    <ClCompile Include="SettingsProvider.cpp">
      <Filter>Source Files</Filter>
    </ClCompile>
    <ClCompile Include="stdafx.cpp">
      <Filter>Source Files</Filter>
    </ClCompile>
    <ClCompile Include="UserCommand.cpp">
      <Filter>Source Files</Filter>
    </ClCompile>
    <ClCompile Include="WorkThread.cpp">
      <Filter>Source Files</Filter>
    </ClCompile>
    <ClCompile Include="XMMImage.cpp">
      <Filter>Source Files</Filter>
    </ClCompile>
    <ClCompile Include="EXIFDisplay.cpp">
      <Filter>Source Files\GUI</Filter>
    </ClCompile>
    <ClCompile Include="GUIControls.cpp">
      <Filter>Source Files\GUI</Filter>
    </ClCompile>
    <ClCompile Include="HelpDisplay.cpp">
      <Filter>Source Files\GUI</Filter>
    </ClCompile>
    <ClCompile Include="ImageProcessingPanel.cpp">
      <Filter>Source Files\GUI</Filter>
    </ClCompile>
    <ClCompile Include="NavigationPanel.cpp">
      <Filter>Source Files\GUI</Filter>
    </ClCompile>
    <ClCompile Include="PaintMemDCMgr.cpp">
      <Filter>Source Files\GUI</Filter>
    </ClCompile>
    <ClCompile Include="Panel.cpp">
      <Filter>Source Files\GUI</Filter>
    </ClCompile>
    <ClCompile Include="RotationPanel.cpp">
      <Filter>Source Files\GUI</Filter>
    </ClCompile>
    <ClCompile Include="Tooltip.cpp">
      <Filter>Source Files\GUI</Filter>
    </ClCompile>
    <ClCompile Include="UnsharpMaskPanel.cpp">
      <Filter>Source Files\GUI</Filter>
    </ClCompile>
    <ClCompile Include="WndButtonPanel.cpp">
      <Filter>Source Files\GUI</Filter>
    </ClCompile>
    <ClCompile Include="ZoomNavigator.cpp">
      <Filter>Source Files\GUI</Filter>
    </ClCompile>
    <ClCompile Include="EXIFDisplayCtl.cpp">
      <Filter>Source Files\Panels</Filter>
    </ClCompile>
    <ClCompile Include="HelpDisplayCtl.cpp">
      <Filter>Source Files\Panels</Filter>
    </ClCompile>
    <ClCompile Include="ImageProcPanelCtl.cpp">
      <Filter>Source Files\Panels</Filter>
    </ClCompile>
    <ClCompile Include="NavigationPanelCtl.cpp">
      <Filter>Source Files\Panels</Filter>
    </ClCompile>
    <ClCompile Include="PanelController.cpp">
      <Filter>Source Files\Panels</Filter>
    </ClCompile>
    <ClCompile Include="PanelMgr.cpp">
      <Filter>Source Files\Panels</Filter>
    </ClCompile>
    <ClCompile Include="RotationPanelCtl.cpp">
      <Filter>Source Files\Panels</Filter>
    </ClCompile>
    <ClCompile Include="UnsharpMaskPanelCtl.cpp">
      <Filter>Source Files\Panels</Filter>
    </ClCompile>
    <ClCompile Include="WndButtonPanelCtl.cpp">
      <Filter>Source Files\Panels</Filter>
    </ClCompile>
    <ClCompile Include="ZoomNavigatorCtl.cpp">
      <Filter>Source Files\Panels</Filter>
    </ClCompile>
    <ClCompile Include="AboutDlg.cpp">
      <Filter>Source Files\Dialogs</Filter>
    </ClCompile>
    <ClCompile Include="BatchCopyDlg.cpp">
      <Filter>Source Files\Dialogs</Filter>
    </ClCompile>
    <ClCompile Include="CropCtl.cpp">
      <Filter>Source Files\Dialogs</Filter>
    </ClCompile>
    <ClCompile Include="CropSizeDlg.cpp">
      <Filter>Source Files\Dialogs</Filter>
    </ClCompile>
    <ClCompile Include="FileOpenDialog.cpp">
      <Filter>Source Files\Dialogs</Filter>
    </ClCompile>
    <ClCompile Include="MainDlg.cpp">
      <Filter>Source Files\Dialogs</Filter>
    </ClCompile>
    <ClCompile Include="dcraw_mod.cpp">
      <Filter>Source Files</Filter>
    </ClCompile>
    <ClCompile Include="TransformPanel.cpp">
      <Filter>Source Files\GUI</Filter>
    </ClCompile>
    <ClCompile Include="TiltCorrectionPanel.cpp">
      <Filter>Source Files\GUI</Filter>
    </ClCompile>
    <ClCompile Include="TransformPanelCtl.cpp">
      <Filter>Source Files\Panels</Filter>
    </ClCompile>
    <ClCompile Include="TiltCorrectionPanelCtl.cpp">
      <Filter>Source Files\Panels</Filter>
    </ClCompile>
    <ClCompile Include="TJPEGWrapper.cpp">
      <Filter>Source Files</Filter>
    </ClCompile>
    <ClCompile Include="JPEGLosslessTransform.cpp">
      <Filter>Source Files</Filter>
    </ClCompile>
    <ClCompile Include="InfoButtonPanel.cpp">
      <Filter>Source Files\GUI</Filter>
    </ClCompile>
    <ClCompile Include="InfoButtonPanelCtl.cpp">
      <Filter>Source Files\Panels</Filter>
    </ClCompile>
    <ClCompile Include="FileExtensionsDlg.cpp">
      <Filter>Source Files\Dialogs</Filter>
    </ClCompile>
    <ClCompile Include="FileExtensionsRegistry.cpp">
      <Filter>Source Files</Filter>
    </ClCompile>
    <ClCompile Include="DirectoryWatcher.cpp">
      <Filter>Source Files</Filter>
    </ClCompile>
    <ClCompile Include="ReaderTGA.cpp">
      <Filter>Source Files</Filter>
    </ClCompile>
    <ClCompile Include="ManageOpenWithDlg.cpp">
      <Filter>Source Files\Dialogs</Filter>
    </ClCompile>
  </ItemGroup>
  <ItemGroup>
    <ClInclude Include="BasicProcessing.h">
      <Filter>Header Files</Filter>
    </ClInclude>
    <ClInclude Include="Clipboard.h">
      <Filter>Header Files</Filter>
    </ClInclude>
    <ClInclude Include="EXIFHelpers.h">
      <Filter>Header Files</Filter>
    </ClInclude>
    <ClInclude Include="EXIFReader.h">
      <Filter>Header Files</Filter>
    </ClInclude>
    <ClInclude Include="FileList.h">
      <Filter>Header Files</Filter>
    </ClInclude>
    <ClInclude Include="Helpers.h">
      <Filter>Header Files</Filter>
    </ClInclude>
    <ClInclude Include="HelpersGUI.h">
      <Filter>Header Files</Filter>
    </ClInclude>
    <ClInclude Include="HistogramCorr.h">
      <Filter>Header Files</Filter>
    </ClInclude>
    <ClInclude Include="ImageLoadThread.h">
      <Filter>Header Files</Filter>
    </ClInclude>
    <ClInclude Include="ImageProcessingTypes.h">
      <Filter>Header Files</Filter>
    </ClInclude>
    <ClInclude Include="JPEGImage.h">
      <Filter>Header Files</Filter>
    </ClInclude>
    <ClInclude Include="JPEGProvider.h">
      <Filter>Header Files</Filter>
    </ClInclude>
    <ClInclude Include="KeyMap.h">
      <Filter>Header Files</Filter>
    </ClInclude>
    <ClInclude Include="LocalDensityCorr.h">
      <Filter>Header Files</Filter>
    </ClInclude>
    <ClInclude Include="MessageDef.h">
      <Filter>Header Files</Filter>
    </ClInclude>
    <ClInclude Include="MultiMonitorSupport.h">
      <Filter>Header Files</Filter>
    </ClInclude>
    <ClInclude Include="NLS.h">
      <Filter>Header Files</Filter>
    </ClInclude>
    <ClInclude Include="ParameterDB.h">
      <Filter>Header Files</Filter>
    </ClInclude>
    <ClInclude Include="ProcessingThreadPool.h">
      <Filter>Header Files</Filter>
    </ClInclude>
    <ClInclude Include="ProcessParams.h">
      <Filter>Header Files</Filter>
    </ClInclude>
    <ClInclude Include="ReaderBMP.h">
      <Filter>Header Files</Filter>
    </ClInclude>
    <ClInclude Include="ResizeFilter.h">
      <Filter>Header Files</Filter>
    </ClInclude>
    <ClInclude Include="SaveImage.h">
      <Filter>Header Files</Filter>
    </ClInclude>
    <ClInclude Include="SettingsProvider.h">
      <Filter>Header Files</Filter>
    </ClInclude>
    <ClInclude Include="stdafx.h">
      <Filter>Header Files</Filter>
    </ClInclude>
    <ClInclude Include="TimerEventIDs.h">
      <Filter>Header Files</Filter>
    </ClInclude>
    <ClInclude Include="UserCommand.h">
      <Filter>Header Files</Filter>
    </ClInclude>
    <ClInclude Include="WorkThread.h">
      <Filter>Header Files</Filter>
    </ClInclude>
    <ClInclude Include="XMMImage.h">
      <Filter>Header Files</Filter>
    </ClInclude>
    <ClInclude Include="EXIFDisplay.h">
      <Filter>Header Files\GUI</Filter>
    </ClInclude>
    <ClInclude Include="GUIControls.h">
      <Filter>Header Files\GUI</Filter>
    </ClInclude>
    <ClInclude Include="HelpDisplay.h">
      <Filter>Header Files\GUI</Filter>
    </ClInclude>
    <ClInclude Include="ImageProcessingPanel.h">
      <Filter>Header Files\GUI</Filter>
    </ClInclude>
    <ClInclude Include="NavigationPanel.h">
      <Filter>Header Files\GUI</Filter>
    </ClInclude>
    <ClInclude Include="PaintMemDCMgr.h">
      <Filter>Header Files\GUI</Filter>
    </ClInclude>
    <ClInclude Include="Panel.h">
      <Filter>Header Files\GUI</Filter>
    </ClInclude>
    <ClInclude Include="RotationPanel.h">
      <Filter>Header Files\GUI</Filter>
    </ClInclude>
    <ClInclude Include="UnsharpMaskPanel.h">
      <Filter>Header Files\GUI</Filter>
    </ClInclude>
    <ClInclude Include="WndButtonPanel.h">
      <Filter>Header Files\GUI</Filter>
    </ClInclude>
    <ClInclude Include="ZoomNavigator.h">
      <Filter>Header Files\GUI</Filter>
    </ClInclude>
    <ClInclude Include="EXIFDisplayCtl.h">
      <Filter>Header Files\Panels</Filter>
    </ClInclude>
    <ClInclude Include="HelpDisplayCtl.h">
      <Filter>Header Files\Panels</Filter>
    </ClInclude>
    <ClInclude Include="ImageProcPanelCtl.h">
      <Filter>Header Files\Panels</Filter>
    </ClInclude>
    <ClInclude Include="NavigationPanelCtl.h">
      <Filter>Header Files\Panels</Filter>
    </ClInclude>
    <ClInclude Include="PanelController.h">
      <Filter>Header Files\Panels</Filter>
    </ClInclude>
    <ClInclude Include="PanelMgr.h">
      <Filter>Header Files\Panels</Filter>
    </ClInclude>
    <ClInclude Include="RotationPanelCtl.h">
      <Filter>Header Files\Panels</Filter>
    </ClInclude>
    <ClInclude Include="UnsharpMaskPanelCtl.h">
      <Filter>Header Files\Panels</Filter>
    </ClInclude>
    <ClInclude Include="WndButtonPanelCtl.h">
      <Filter>Header Files\Panels</Filter>
    </ClInclude>
    <ClInclude Include="ZoomNavigatorCtl.h">
      <Filter>Header Files\Panels</Filter>
    </ClInclude>
    <ClInclude Include="AboutDlg.h">
      <Filter>Header Files\Dialogs</Filter>
    </ClInclude>
    <ClInclude Include="BatchCopyDlg.h">
      <Filter>Header Files\Dialogs</Filter>
    </ClInclude>
    <ClInclude Include="CropCtl.h">
      <Filter>Header Files\Dialogs</Filter>
    </ClInclude>
    <ClInclude Include="CropSizeDlg.h">
      <Filter>Header Files\Dialogs</Filter>
    </ClInclude>
    <ClInclude Include="FileOpenDialog.h">
      <Filter>Header Files\Dialogs</Filter>
    </ClInclude>
    <ClInclude Include="MainDlg.h">
      <Filter>Header Files\Dialogs</Filter>
    </ClInclude>
    <ClInclude Include="resource.h">
      <Filter>Header Files\Dialogs</Filter>
    </ClInclude>
    <ClInclude Include="dcraw_mod.h">
      <Filter>Header Files</Filter>
    </ClInclude>
    <ClInclude Include="TransformPanel.h">
      <Filter>Header Files\GUI</Filter>
    </ClInclude>
    <ClInclude Include="TiltCorrectionPanel.h">
      <Filter>Header Files\GUI</Filter>
    </ClInclude>
    <ClInclude Include="TiltCorrectionPanelCtl.h">
      <Filter>Header Files\Panels</Filter>
    </ClInclude>
    <ClInclude Include="TransformPanelCtl.h">
      <Filter>Header Files\Panels</Filter>
    </ClInclude>
    <ClInclude Include="TJPEGWrapper.h">
      <Filter>Header Files</Filter>
    </ClInclude>
    <ClInclude Include="JPEGLosslessTransform.h">
      <Filter>Header Files</Filter>
    </ClInclude>
    <ClInclude Include="InfoButtonPanel.h">
      <Filter>Header Files\GUI</Filter>
    </ClInclude>
    <ClInclude Include="InfoButtonPanelCtl.h">
      <Filter>Header Files\Panels</Filter>
    </ClInclude>
    <ClInclude Include="FileExtensionsDlg.h">
      <Filter>Header Files\Dialogs</Filter>
    </ClInclude>
    <ClInclude Include="FileExtensionsRegistry.h">
      <Filter>Header Files</Filter>
    </ClInclude>
    <ClInclude Include="DirectoryWatcher.h">
      <Filter>Header Files</Filter>
    </ClInclude>
    <ClInclude Include="ReaderTGA.h">
      <Filter>Header Files</Filter>
    </ClInclude>
    <ClInclude Include="ManageOpenWithDlg.h">
      <Filter>Header Files\Dialogs</Filter>
    </ClInclude>
  </ItemGroup>
  <ItemGroup>
    <None Include="res\JPEGView.ico">
      <Filter>Resource Files</Filter>
    </None>
  </ItemGroup>
  <ItemGroup>
    <ResourceCompile Include="JPEGView.rc">
      <Filter>Resource Files</Filter>
    </ResourceCompile>
  </ItemGroup>
</Project>