
Microsoft Visual Studio Solution File, Format Version 11.00
# Visual Studio 2010
Project("{8BC9CEB8-8B4A-11D0-8D11-00A0C91BC942}") = "JPEGView_VS2010", "JPEGView\JPEGView_VS2010.vcxproj", "{F6D355BF-A245-46FA-AE41-DAA541556245}"
	ProjectSection(ProjectDependencies) = postProject
		{238F5CD4-8E56-4831-8A1F-525281EBD79E} = {238F5CD4-8E56-4831-8A1F-525281EBD79E}
		{91D548E5-3C0D-4AE3-9429-391910852D8C} = {91D548E5-3C0D-4AE3-9429-391910852D8C}
	EndProjectSection
EndProject
Project("{8BC9CEB8-8B4A-11D0-8D11-00A0C91BC942}") = "WEBP_VS2010", "WEBP\WEBP_VS2010.vcxproj", "{238F5CD4-8E56-4831-8A1F-525281EBD79E}"
EndProject
Project("{8BC9CEB8-8B4A-11D0-8D11-00A0C91BC942}") = "WICLoader_VS2010", "WICLoader\WICLoader_VS2010.vcxproj", "{91D548E5-3C0D-4AE3-9429-391910852D8C}"
EndProject
Global
	GlobalSection(SolutionConfigurationPlatforms) = preSolution
		Debug|Win32 = Debug|Win32
		Release|Win32 = Release|Win32
	EndGlobalSection
	GlobalSection(ProjectConfigurationPlatforms) = postSolution
		{F6D355BF-A245-46FA-AE41-DAA541556245}.Debug|Win32.ActiveCfg = Debug|Win32
		{F6D355BF-A245-46FA-AE41-DAA541556245}.Debug|Win32.Build.0 = Debug|Win32
		{F6D355BF-A245-46FA-AE41-DAA541556245}.Release|Win32.ActiveCfg = Release|Win32
		{F6D355BF-A245-46FA-AE41-DAA541556245}.Release|Win32.Build.0 = Release|Win32
		{238F5CD4-8E56-4831-8A1F-525281EBD79E}.Debug|Win32.ActiveCfg = Debug|Win32
		{238F5CD4-8E56-4831-8A1F-525281EBD79E}.Debug|Win32.Build.0 = Debug|Win32
		{238F5CD4-8E56-4831-8A1F-525281EBD79E}.Release|Win32.ActiveCfg = Release|Win32
		{238F5CD4-8E56-4831-8A1F-525281EBD79E}.Release|Win32.Build.0 = Release|Win32
		{91D548E5-3C0D-4AE3-9429-391910852D8C}.Debug|Win32.ActiveCfg = Debug|Win32
		{91D548E5-3C0D-4AE3-9429-391910852D8C}.Debug|Win32.Build.0 = Debug|Win32
		{91D548E5-3C0D-4AE3-9429-391910852D8C}.Release|Win32.ActiveCfg = Release|Win32
		{91D548E5-3C0D-4AE3-9429-391910852D8C}.Release|Win32.Build.0 = Release|Win32
	EndGlobalSection
	GlobalSection(SolutionProperties) = preSolution
		HideSolutionNode = FALSE
	EndGlobalSection
EndGlobal
